
Microsoft Visual Studio Solution File, Format Version 12.00
# Visual Studio Version 16
VisualStudioVersion = 16.0.30717.126
MinimumVisualStudioVersion = 10.0.40219.1
Project("{9A19103F-16F7-4668-BE54-9A1E7A4F7556}") = "TrackUser", "TrackUser\TrackUser.csproj", "{A34F38BF-C7B2-4ACD-AF94-0F56328D13EE}"
EndProject
Global
	GlobalSection(SolutionConfigurationPlatforms) = preSolution
		Debug|Any CPU = Debug|Any CPU
		Release|Any CPU = Release|Any CPU
	EndGlobalSection
	GlobalSection(ProjectConfigurationPlatforms) = postSolution
		{A34F38BF-C7B2-4ACD-AF94-0F56328D13EE}.Debug|Any CPU.ActiveCfg = Debug|Any CPU
		{A34F38BF-C7B2-4ACD-AF94-0F56328D13EE}.Debug|Any CPU.Build.0 = Debug|Any CPU
		{A34F38BF-C7B2-4ACD-AF94-0F56328D13EE}.Release|Any CPU.ActiveCfg = Release|Any CPU
		{A34F38BF-C7B2-4ACD-AF94-0F56328D13EE}.Release|Any CPU.Build.0 = Release|Any CPU
	EndGlobalSection
	GlobalSection(SolutionProperties) = preSolution
		HideSolutionNode = FALSE
	EndGlobalSection
	GlobalSection(ExtensibilityGlobals) = postSolution
		SolutionGuid = {6DA89A91-EA22-4C27-A0D0-F9A9F3FBB818}
	EndGlobalSection
EndGlobal
